
Microsoft Visual Studio Solution File, Format Version 12.00
# Visual Studio Version 17
VisualStudioVersion = 17.10.34928.147
MinimumVisualStudioVersion = 10.0.40219.1
Project("{FAE04EC0-301F-11D3-BF4B-00C04F79EFBC}") = "Papeleria.MVC", "Papeleria.MVC.csproj", "{43FB0FA9-5217-4A89-9288-A3072AB24AE6}"
EndProject
Global
	GlobalSection(SolutionConfigurationPlatforms) = preSolution
		Debug|Any CPU = Debug|Any CPU
		Release|Any CPU = Release|Any CPU
	EndGlobalSection
	GlobalSection(ProjectConfigurationPlatforms) = postSolution
		{43FB0FA9-5217-4A89-9288-A3072AB24AE6}.Debug|Any CPU.ActiveCfg = Debug|Any CPU
		{43FB0FA9-5217-4A89-9288-A3072AB24AE6}.Debug|Any CPU.Build.0 = Debug|Any CPU
		{43FB0FA9-5217-4A89-9288-A3072AB24AE6}.Release|Any CPU.ActiveCfg = Release|Any CPU
		{43FB0FA9-5217-4A89-9288-A3072AB24AE6}.Release|Any CPU.Build.0 = Release|Any CPU
	EndGlobalSection
	GlobalSection(SolutionProperties) = preSolution
		HideSolutionNode = FALSE
	EndGlobalSection
	GlobalSection(ExtensibilityGlobals) = postSolution
		SolutionGuid = {19594B3E-7CE7-4453-86CD-6A1D67293284}
	EndGlobalSection
EndGlobal
